// !$*UTF8*$!
{
	archiveVersion = 1;
	classes = {
	};
	objectVersion = 46;
	objects = {

/* Begin PBXBuildFile section */
		63017698833262EC235CAE43 /* libPods-joyrider.a in Frameworks */ = {isa = PBXBuildFile; fileRef = 7B807276DD025C61E98BC792 /* libPods-joyrider.a */; };
		DDBBBF111F19C78E003DB3D6 /* DateHelper.swift in Sources */ = {isa = PBXBuildFile; fileRef = DDBBBF101F19C78E003DB3D6 /* DateHelper.swift */; };
		DDBBBF141F19CBD1003DB3D6 /* LocModel.swift in Sources */ = {isa = PBXBuildFile; fileRef = DDBBBF131F19CBD1003DB3D6 /* LocModel.swift */; };
		DDBBBF171F19CC24003DB3D6 /* GeoLocHelper.swift in Sources */ = {isa = PBXBuildFile; fileRef = DDBBBF161F19CC24003DB3D6 /* GeoLocHelper.swift */; };
		DDE6E58020CDE6B400124366 /* Default-568h@2x.png in Resources */ = {isa = PBXBuildFile; fileRef = DDE6E57F20CDE6B400124366 /* Default-568h@2x.png */; };
		FCAC32561F15FED7005E7027 /* MapViewController.swift in Sources */ = {isa = PBXBuildFile; fileRef = FCAC32551F15FED7005E7027 /* MapViewController.swift */; };
		FCCD0E261F0F848A002B55ED /* AppDelegate.swift in Sources */ = {isa = PBXBuildFile; fileRef = FCCD0E251F0F848A002B55ED /* AppDelegate.swift */; };
		FCCD0E2A1F0F848A002B55ED /* SecondViewController.swift in Sources */ = {isa = PBXBuildFile; fileRef = FCCD0E291F0F848A002B55ED /* SecondViewController.swift */; };
		FCCD0E2D1F0F848A002B55ED /* Main.storyboard in Resources */ = {isa = PBXBuildFile; fileRef = FCCD0E2B1F0F848A002B55ED /* Main.storyboard */; };
		FCCD0E2F1F0F848A002B55ED /* Assets.xcassets in Resources */ = {isa = PBXBuildFile; fileRef = FCCD0E2E1F0F848A002B55ED /* Assets.xcassets */; };
		FCCD0E321F0F848A002B55ED /* LaunchScreen.storyboard in Resources */ = {isa = PBXBuildFile; fileRef = FCCD0E301F0F848A002B55ED /* LaunchScreen.storyboard */; };
		FCCD0E3D1F0F848A002B55ED /* joyriderTests.swift in Sources */ = {isa = PBXBuildFile; fileRef = FCCD0E3C1F0F848A002B55ED /* joyriderTests.swift */; };
		FCCD0E481F0F848A002B55ED /* joyriderUITests.swift in Sources */ = {isa = PBXBuildFile; fileRef = FCCD0E471F0F848A002B55ED /* joyriderUITests.swift */; };
/* End PBXBuildFile section */

/* Begin PBXContainerItemProxy section */
		FCCD0E391F0F848A002B55ED /* PBXContainerItemProxy */ = {
			isa = PBXContainerItemProxy;
			containerPortal = FCCD0E1A1F0F848A002B55ED /* Project object */;
			proxyType = 1;
			remoteGlobalIDString = FCCD0E211F0F848A002B55ED;
			remoteInfo = joyrider;
		};
		FCCD0E441F0F848A002B55ED /* PBXContainerItemProxy */ = {
			isa = PBXContainerItemProxy;
			containerPortal = FCCD0E1A1F0F848A002B55ED /* Project object */;
			proxyType = 1;
			remoteGlobalIDString = FCCD0E211F0F848A002B55ED;
			remoteInfo = joyrider;
		};
/* End PBXContainerItemProxy section */

/* Begin PBXFileReference section */
		2C474F7E7F2D59355C6FF7D4 /* Pods-joyrider.release.xcconfig */ = {isa = PBXFileReference; includeInIndex = 1; lastKnownFileType = text.xcconfig; name = "Pods-joyrider.release.xcconfig"; path = "Pods/Target Support Files/Pods-joyrider/Pods-joyrider.release.xcconfig"; sourceTree = "<group>"; };
		7B807276DD025C61E98BC792 /* libPods-joyrider.a */ = {isa = PBXFileReference; explicitFileType = archive.ar; includeInIndex = 0; path = "libPods-joyrider.a"; sourceTree = BUILT_PRODUCTS_DIR; };
		8C15CED4B26A4F2DD0314017 /* Pods-joyrider.debug.xcconfig */ = {isa = PBXFileReference; includeInIndex = 1; lastKnownFileType = text.xcconfig; name = "Pods-joyrider.debug.xcconfig"; path = "Pods/Target Support Files/Pods-joyrider/Pods-joyrider.debug.xcconfig"; sourceTree = "<group>"; };
		DDBBBF101F19C78E003DB3D6 /* DateHelper.swift */ = {isa = PBXFileReference; fileEncoding = 4; lastKnownFileType = sourcecode.swift; path = DateHelper.swift; sourceTree = "<group>"; };
		DDBBBF131F19CBD1003DB3D6 /* LocModel.swift */ = {isa = PBXFileReference; fileEncoding = 4; lastKnownFileType = sourcecode.swift; path = LocModel.swift; sourceTree = "<group>"; };
		DDBBBF161F19CC24003DB3D6 /* GeoLocHelper.swift */ = {isa = PBXFileReference; fileEncoding = 4; lastKnownFileType = sourcecode.swift; path = GeoLocHelper.swift; sourceTree = "<group>"; };
		DDE6E57F20CDE6B400124366 /* Default-568h@2x.png */ = {isa = PBXFileReference; lastKnownFileType = image.png; path = "Default-568h@2x.png"; sourceTree = "<group>"; };
		FCAC32551F15FED7005E7027 /* MapViewController.swift */ = {isa = PBXFileReference; fileEncoding = 4; lastKnownFileType = sourcecode.swift; path = MapViewController.swift; sourceTree = "<group>"; };
		FCCD0E221F0F848A002B55ED /* joyryde.app */ = {isa = PBXFileReference; explicitFileType = wrapper.application; includeInIndex = 0; path = joyryde.app; sourceTree = BUILT_PRODUCTS_DIR; };
		FCCD0E251F0F848A002B55ED /* AppDelegate.swift */ = {isa = PBXFileReference; lastKnownFileType = sourcecode.swift; path = AppDelegate.swift; sourceTree = "<group>"; };
		FCCD0E291F0F848A002B55ED /* SecondViewController.swift */ = {isa = PBXFileReference; lastKnownFileType = sourcecode.swift; path = SecondViewController.swift; sourceTree = "<group>"; };
		FCCD0E2C1F0F848A002B55ED /* Base */ = {isa = PBXFileReference; lastKnownFileType = file.storyboard; name = Base; path = Base.lproj/Main.storyboard; sourceTree = "<group>"; };
		FCCD0E2E1F0F848A002B55ED /* Assets.xcassets */ = {isa = PBXFileReference; lastKnownFileType = folder.assetcatalog; path = Assets.xcassets; sourceTree = "<group>"; };
		FCCD0E311F0F848A002B55ED /* Base */ = {isa = PBXFileReference; lastKnownFileType = file.storyboard; name = Base; path = Base.lproj/LaunchScreen.storyboard; sourceTree = "<group>"; };
		FCCD0E331F0F848A002B55ED /* Info.plist */ = {isa = PBXFileReference; lastKnownFileType = text.plist.xml; path = Info.plist; sourceTree = "<group>"; };
		FCCD0E381F0F848A002B55ED /* joyrydeTests.xctest */ = {isa = PBXFileReference; explicitFileType = wrapper.cfbundle; includeInIndex = 0; path = joyrydeTests.xctest; sourceTree = BUILT_PRODUCTS_DIR; };
		FCCD0E3C1F0F848A002B55ED /* joyriderTests.swift */ = {isa = PBXFileReference; lastKnownFileType = sourcecode.swift; path = joyriderTests.swift; sourceTree = "<group>"; };
		FCCD0E3E1F0F848A002B55ED /* Info.plist */ = {isa = PBXFileReference; lastKnownFileType = text.plist.xml; path = Info.plist; sourceTree = "<group>"; };
		FCCD0E431F0F848A002B55ED /* joyrydeUITests.xctest */ = {isa = PBXFileReference; explicitFileType = wrapper.cfbundle; includeInIndex = 0; path = joyrydeUITests.xctest; sourceTree = BUILT_PRODUCTS_DIR; };
		FCCD0E471F0F848A002B55ED /* joyriderUITests.swift */ = {isa = PBXFileReference; lastKnownFileType = sourcecode.swift; path = joyriderUITests.swift; sourceTree = "<group>"; };
		FCCD0E491F0F848A002B55ED /* Info.plist */ = {isa = PBXFileReference; lastKnownFileType = text.plist.xml; path = Info.plist; sourceTree = "<group>"; };
/* End PBXFileReference section */

/* Begin PBXFrameworksBuildPhase section */
		FCCD0E1F1F0F848A002B55ED /* Frameworks */ = {
			isa = PBXFrameworksBuildPhase;
			buildActionMask = 2147483647;
			files = (
				63017698833262EC235CAE43 /* libPods-joyrider.a in Frameworks */,
			);
			runOnlyForDeploymentPostprocessing = 0;
		};
		FCCD0E351F0F848A002B55ED /* Frameworks */ = {
			isa = PBXFrameworksBuildPhase;
			buildActionMask = 2147483647;
			files = (
			);
			runOnlyForDeploymentPostprocessing = 0;
		};
		FCCD0E401F0F848A002B55ED /* Frameworks */ = {
			isa = PBXFrameworksBuildPhase;
			buildActionMask = 2147483647;
			files = (
			);
			runOnlyForDeploymentPostprocessing = 0;
		};
/* End PBXFrameworksBuildPhase section */

/* Begin PBXGroup section */
		7673D3E21137B54352EFC279 /* Pods */ = {
			isa = PBXGroup;
			children = (
				8C15CED4B26A4F2DD0314017 /* Pods-joyrider.debug.xcconfig */,
				2C474F7E7F2D59355C6FF7D4 /* Pods-joyrider.release.xcconfig */,
			);
			name = Pods;
			sourceTree = "<group>";
		};
		AAEB30AC91453E9ADD998421 /* Frameworks */ = {
			isa = PBXGroup;
			children = (
				7B807276DD025C61E98BC792 /* libPods-joyrider.a */,
			);
			name = Frameworks;
			sourceTree = "<group>";
		};
		DDBBBF121F19CBC1003DB3D6 /* Models */ = {
			isa = PBXGroup;
			children = (
				DDBBBF131F19CBD1003DB3D6 /* LocModel.swift */,
			);
			name = Models;
			sourceTree = "<group>";
		};
		DDBBBF151F19CC04003DB3D6 /* Helpers */ = {
			isa = PBXGroup;
			children = (
				DDBBBF101F19C78E003DB3D6 /* DateHelper.swift */,
				DDBBBF161F19CC24003DB3D6 /* GeoLocHelper.swift */,
			);
			name = Helpers;
			sourceTree = "<group>";
		};
		FCCD0E191F0F848A002B55ED = {
			isa = PBXGroup;
			children = (
				DDE6E57F20CDE6B400124366 /* Default-568h@2x.png */,
				FCCD0E241F0F848A002B55ED /* joyrider */,
				FCCD0E3B1F0F848A002B55ED /* joyriderTests */,
				FCCD0E461F0F848A002B55ED /* joyriderUITests */,
				FCCD0E231F0F848A002B55ED /* Products */,
				7673D3E21137B54352EFC279 /* Pods */,
				AAEB30AC91453E9ADD998421 /* Frameworks */,
			);
			sourceTree = "<group>";
		};
		FCCD0E231F0F848A002B55ED /* Products */ = {
			isa = PBXGroup;
			children = (
				FCCD0E221F0F848A002B55ED /* joyryde.app */,
				FCCD0E381F0F848A002B55ED /* joyrydeTests.xctest */,
				FCCD0E431F0F848A002B55ED /* joyrydeUITests.xctest */,
			);
			name = Products;
			sourceTree = "<group>";
		};
		FCCD0E241F0F848A002B55ED /* joyrider */ = {
			isa = PBXGroup;
			children = (
				DDBBBF151F19CC04003DB3D6 /* Helpers */,
				DDBBBF121F19CBC1003DB3D6 /* Models */,
				FCAC32551F15FED7005E7027 /* MapViewController.swift */,
				FCCD0E251F0F848A002B55ED /* AppDelegate.swift */,
				FCCD0E291F0F848A002B55ED /* SecondViewController.swift */,
				FCCD0E2B1F0F848A002B55ED /* Main.storyboard */,
				FCCD0E2E1F0F848A002B55ED /* Assets.xcassets */,
				FCCD0E301F0F848A002B55ED /* LaunchScreen.storyboard */,
				FCCD0E331F0F848A002B55ED /* Info.plist */,
			);
			path = joyrider;
			sourceTree = "<group>";
		};
		FCCD0E3B1F0F848A002B55ED /* joyriderTests */ = {
			isa = PBXGroup;
			children = (
				FCCD0E3C1F0F848A002B55ED /* joyriderTests.swift */,
				FCCD0E3E1F0F848A002B55ED /* Info.plist */,
			);
			path = joyriderTests;
			sourceTree = "<group>";
		};
		FCCD0E461F0F848A002B55ED /* joyriderUITests */ = {
			isa = PBXGroup;
			children = (
				FCCD0E471F0F848A002B55ED /* joyriderUITests.swift */,
				FCCD0E491F0F848A002B55ED /* Info.plist */,
			);
			path = joyriderUITests;
			sourceTree = "<group>";
		};
/* End PBXGroup section */

/* Begin PBXNativeTarget section */
		FCCD0E211F0F848A002B55ED /* joyryde */ = {
			isa = PBXNativeTarget;
			buildConfigurationList = FCCD0E4C1F0F848A002B55ED /* Build configuration list for PBXNativeTarget "joyryde" */;
			buildPhases = (
				F56FA72A69A44F4B2E4EF0F0 /* [CP] Check Pods Manifest.lock */,
				FCCD0E1E1F0F848A002B55ED /* Sources */,
				FCCD0E1F1F0F848A002B55ED /* Frameworks */,
				FCCD0E201F0F848A002B55ED /* Resources */,
				AC5596C2B6D68749F7C3E765 /* [CP] Copy Pods Resources */,
			);
			buildRules = (
			);
			dependencies = (
			);
			name = joyryde;
			productName = joyrider;
			productReference = FCCD0E221F0F848A002B55ED /* joyryde.app */;
			productType = "com.apple.product-type.application";
		};
		FCCD0E371F0F848A002B55ED /* joyrydeTests */ = {
			isa = PBXNativeTarget;
			buildConfigurationList = FCCD0E4F1F0F848A002B55ED /* Build configuration list for PBXNativeTarget "joyrydeTests" */;
			buildPhases = (
				FCCD0E341F0F848A002B55ED /* Sources */,
				FCCD0E351F0F848A002B55ED /* Frameworks */,
				FCCD0E361F0F848A002B55ED /* Resources */,
			);
			buildRules = (
			);
			dependencies = (
				FCCD0E3A1F0F848A002B55ED /* PBXTargetDependency */,
			);
			name = joyrydeTests;
			productName = joyriderTests;
			productReference = FCCD0E381F0F848A002B55ED /* joyrydeTests.xctest */;
			productType = "com.apple.product-type.bundle.unit-test";
		};
		FCCD0E421F0F848A002B55ED /* joyrydeUITests */ = {
			isa = PBXNativeTarget;
			buildConfigurationList = FCCD0E521F0F848A002B55ED /* Build configuration list for PBXNativeTarget "joyrydeUITests" */;
			buildPhases = (
				FCCD0E3F1F0F848A002B55ED /* Sources */,
				FCCD0E401F0F848A002B55ED /* Frameworks */,
				FCCD0E411F0F848A002B55ED /* Resources */,
			);
			buildRules = (
			);
			dependencies = (
				FCCD0E451F0F848A002B55ED /* PBXTargetDependency */,
			);
			name = joyrydeUITests;
			productName = joyriderUITests;
			productReference = FCCD0E431F0F848A002B55ED /* joyrydeUITests.xctest */;
			productType = "com.apple.product-type.bundle.ui-testing";
		};
/* End PBXNativeTarget section */

/* Begin PBXProject section */
		FCCD0E1A1F0F848A002B55ED /* Project object */ = {
			isa = PBXProject;
			attributes = {
				KnownAssetTags = (
					New,
				);
				LastSwiftUpdateCheck = 0830;
				LastUpgradeCheck = 0940;
				ORGANIZATIONNAME = jonsimington;
				TargetAttributes = {
					FCCD0E211F0F848A002B55ED = {
						CreatedOnToolsVersion = 8.3.3;
						DevelopmentTeam = PS325E4877;
						LastSwiftMigration = 0940;
						ProvisioningStyle = Automatic;
					};
					FCCD0E371F0F848A002B55ED = {
						CreatedOnToolsVersion = 8.3.3;
						DevelopmentTeam = PS325E4877;
						LastSwiftMigration = 0940;
						ProvisioningStyle = Automatic;
						TestTargetID = FCCD0E211F0F848A002B55ED;
					};
					FCCD0E421F0F848A002B55ED = {
						CreatedOnToolsVersion = 8.3.3;
						DevelopmentTeam = PS325E4877;
						LastSwiftMigration = 0940;
						ProvisioningStyle = Automatic;
						TestTargetID = FCCD0E211F0F848A002B55ED;
					};
				};
			};
			buildConfigurationList = FCCD0E1D1F0F848A002B55ED /* Build configuration list for PBXProject "joyryde" */;
			compatibilityVersion = "Xcode 3.2";
			developmentRegion = English;
			hasScannedForEncodings = 0;
			knownRegions = (
				en,
				Base,
			);
			mainGroup = FCCD0E191F0F848A002B55ED;
			productRefGroup = FCCD0E231F0F848A002B55ED /* Products */;
			projectDirPath = "";
			projectRoot = "";
			targets = (
				FCCD0E211F0F848A002B55ED /* joyryde */,
				FCCD0E371F0F848A002B55ED /* joyrydeTests */,
				FCCD0E421F0F848A002B55ED /* joyrydeUITests */,
			);
		};
/* End PBXProject section */

/* Begin PBXResourcesBuildPhase section */
		FCCD0E201F0F848A002B55ED /* Resources */ = {
			isa = PBXResourcesBuildPhase;
			buildActionMask = 2147483647;
			files = (
				FCCD0E321F0F848A002B55ED /* LaunchScreen.storyboard in Resources */,
				DDE6E58020CDE6B400124366 /* Default-568h@2x.png in Resources */,
				FCCD0E2F1F0F848A002B55ED /* Assets.xcassets in Resources */,
				FCCD0E2D1F0F848A002B55ED /* Main.storyboard in Resources */,
			);
			runOnlyForDeploymentPostprocessing = 0;
		};
		FCCD0E361F0F848A002B55ED /* Resources */ = {
			isa = PBXResourcesBuildPhase;
			buildActionMask = 2147483647;
			files = (
			);
			runOnlyForDeploymentPostprocessing = 0;
		};
		FCCD0E411F0F848A002B55ED /* Resources */ = {
			isa = PBXResourcesBuildPhase;
			buildActionMask = 2147483647;
			files = (
			);
			runOnlyForDeploymentPostprocessing = 0;
		};
/* End PBXResourcesBuildPhase section */

/* Begin PBXShellScriptBuildPhase section */
		AC5596C2B6D68749F7C3E765 /* [CP] Copy Pods Resources */ = {
			isa = PBXShellScriptBuildPhase;
			buildActionMask = 2147483647;
			files = (
			);
			inputPaths = (
				"${SRCROOT}/Pods/Target Support Files/Pods-joyrider/Pods-joyrider-resources.sh",
				"${PODS_ROOT}/GoogleMaps/Maps/Frameworks/GoogleMaps.framework/Versions/A/Resources/GoogleMaps.bundle",
				"${PODS_ROOT}/GooglePlaces/Frameworks/GooglePlaces.framework/Versions/A/Resources/GooglePlaces.bundle",
			);
			name = "[CP] Copy Pods Resources";
			outputPaths = (
				"${TARGET_BUILD_DIR}/${UNLOCALIZED_RESOURCES_FOLDER_PATH}/GoogleMaps.bundle",
				"${TARGET_BUILD_DIR}/${UNLOCALIZED_RESOURCES_FOLDER_PATH}/GooglePlaces.bundle",
			);
			runOnlyForDeploymentPostprocessing = 0;
			shellPath = /bin/sh;
			shellScript = "\"${SRCROOT}/Pods/Target Support Files/Pods-joyrider/Pods-joyrider-resources.sh\"\n";
			showEnvVarsInLog = 0;
		};
		F56FA72A69A44F4B2E4EF0F0 /* [CP] Check Pods Manifest.lock */ = {
			isa = PBXShellScriptBuildPhase;
			buildActionMask = 2147483647;
			files = (
			);
			inputPaths = (
				"${PODS_PODFILE_DIR_PATH}/Podfile.lock",
				"${PODS_ROOT}/Manifest.lock",
			);
			name = "[CP] Check Pods Manifest.lock";
			outputPaths = (
				"$(DERIVED_FILE_DIR)/Pods-joyrider-checkManifestLockResult.txt",
			);
			runOnlyForDeploymentPostprocessing = 0;
			shellPath = /bin/sh;
			shellScript = "diff \"${PODS_PODFILE_DIR_PATH}/Podfile.lock\" \"${PODS_ROOT}/Manifest.lock\" > /dev/null\nif [ $? != 0 ] ; then\n    # print error to STDERR\n    echo \"error: The sandbox is not in sync with the Podfile.lock. Run 'pod install' or update your CocoaPods installation.\" >&2\n    exit 1\nfi\n# This output is used by Xcode 'outputs' to avoid re-running this script phase.\necho \"SUCCESS\" > \"${SCRIPT_OUTPUT_FILE_0}\"\n";
			showEnvVarsInLog = 0;
		};
/* End PBXShellScriptBuildPhase section */

/* Begin PBXSourcesBuildPhase section */
		FCCD0E1E1F0F848A002B55ED /* Sources */ = {
			isa = PBXSourcesBuildPhase;
			buildActionMask = 2147483647;
			files = (
				FCCD0E2A1F0F848A002B55ED /* SecondViewController.swift in Sources */,
				FCAC32561F15FED7005E7027 /* MapViewController.swift in Sources */,
				DDBBBF111F19C78E003DB3D6 /* DateHelper.swift in Sources */,
				FCCD0E261F0F848A002B55ED /* AppDelegate.swift in Sources */,
				DDBBBF171F19CC24003DB3D6 /* GeoLocHelper.swift in Sources */,
				DDBBBF141F19CBD1003DB3D6 /* LocModel.swift in Sources */,
			);
			runOnlyForDeploymentPostprocessing = 0;
		};
		FCCD0E341F0F848A002B55ED /* Sources */ = {
			isa = PBXSourcesBuildPhase;
			buildActionMask = 2147483647;
			files = (
				FCCD0E3D1F0F848A002B55ED /* joyriderTests.swift in Sources */,
			);
			runOnlyForDeploymentPostprocessing = 0;
		};
		FCCD0E3F1F0F848A002B55ED /* Sources */ = {
			isa = PBXSourcesBuildPhase;
			buildActionMask = 2147483647;
			files = (
				FCCD0E481F0F848A002B55ED /* joyriderUITests.swift in Sources */,
			);
			runOnlyForDeploymentPostprocessing = 0;
		};
/* End PBXSourcesBuildPhase section */

/* Begin PBXTargetDependency section */
		FCCD0E3A1F0F848A002B55ED /* PBXTargetDependency */ = {
			isa = PBXTargetDependency;
			target = FCCD0E211F0F848A002B55ED /* joyryde */;
			targetProxy = FCCD0E391F0F848A002B55ED /* PBXContainerItemProxy */;
		};
		FCCD0E451F0F848A002B55ED /* PBXTargetDependency */ = {
			isa = PBXTargetDependency;
			target = FCCD0E211F0F848A002B55ED /* joyryde */;
			targetProxy = FCCD0E441F0F848A002B55ED /* PBXContainerItemProxy */;
		};
/* End PBXTargetDependency section */

/* Begin PBXVariantGroup section */
		FCCD0E2B1F0F848A002B55ED /* Main.storyboard */ = {
			isa = PBXVariantGroup;
			children = (
				FCCD0E2C1F0F848A002B55ED /* Base */,
			);
			name = Main.storyboard;
			sourceTree = "<group>";
		};
		FCCD0E301F0F848A002B55ED /* LaunchScreen.storyboard */ = {
			isa = PBXVariantGroup;
			children = (
				FCCD0E311F0F848A002B55ED /* Base */,
			);
			name = LaunchScreen.storyboard;
			sourceTree = "<group>";
		};
/* End PBXVariantGroup section */

/* Begin XCBuildConfiguration section */
		FCCD0E4A1F0F848A002B55ED /* Debug */ = {
			isa = XCBuildConfiguration;
			buildSettings = {
				ALWAYS_SEARCH_USER_PATHS = NO;
				CLANG_ANALYZER_NONNULL = YES;
				CLANG_ANALYZER_NUMBER_OBJECT_CONVERSION = YES_AGGRESSIVE;
				CLANG_CXX_LANGUAGE_STANDARD = "gnu++0x";
				CLANG_CXX_LIBRARY = "libc++";
				CLANG_ENABLE_MODULES = YES;
				CLANG_ENABLE_OBJC_ARC = YES;
				CLANG_WARN_BLOCK_CAPTURE_AUTORELEASING = YES;
				CLANG_WARN_BOOL_CONVERSION = YES;
				CLANG_WARN_COMMA = YES;
				CLANG_WARN_CONSTANT_CONVERSION = YES;
				CLANG_WARN_DEPRECATED_OBJC_IMPLEMENTATIONS = YES;
				CLANG_WARN_DIRECT_OBJC_ISA_USAGE = YES_ERROR;
				CLANG_WARN_DOCUMENTATION_COMMENTS = YES;
				CLANG_WARN_EMPTY_BODY = YES;
				CLANG_WARN_ENUM_CONVERSION = YES;
				CLANG_WARN_INFINITE_RECURSION = YES;
				CLANG_WARN_INT_CONVERSION = YES;
				CLANG_WARN_NON_LITERAL_NULL_CONVERSION = YES;
				CLANG_WARN_OBJC_IMPLICIT_RETAIN_SELF = YES;
				CLANG_WARN_OBJC_LITERAL_CONVERSION = YES;
				CLANG_WARN_OBJC_ROOT_CLASS = YES_ERROR;
				CLANG_WARN_RANGE_LOOP_ANALYSIS = YES;
				CLANG_WARN_STRICT_PROTOTYPES = YES;
				CLANG_WARN_SUSPICIOUS_MOVE = YES;
				CLANG_WARN_UNREACHABLE_CODE = YES;
				CLANG_WARN__DUPLICATE_METHOD_MATCH = YES;
				"CODE_SIGN_IDENTITY[sdk=iphoneos*]" = "iPhone Developer";
				COPY_PHASE_STRIP = NO;
				DEBUG_INFORMATION_FORMAT = dwarf;
				ENABLE_STRICT_OBJC_MSGSEND = YES;
				ENABLE_TESTABILITY = YES;
				GCC_C_LANGUAGE_STANDARD = gnu99;
				GCC_DYNAMIC_NO_PIC = NO;
				GCC_NO_COMMON_BLOCKS = YES;
				GCC_OPTIMIZATION_LEVEL = 0;
				GCC_PREPROCESSOR_DEFINITIONS = (
					"DEBUG=1",
					"$(inherited)",
				);
				GCC_WARN_64_TO_32_BIT_CONVERSION = YES;
				GCC_WARN_ABOUT_RETURN_TYPE = YES_ERROR;
				GCC_WARN_UNDECLARED_SELECTOR = YES;
				GCC_WARN_UNINITIALIZED_AUTOS = YES_AGGRESSIVE;
				GCC_WARN_UNUSED_FUNCTION = YES;
				GCC_WARN_UNUSED_VARIABLE = YES;
				INFOPLIST_FILE = Info.plist;
				IPHONEOS_DEPLOYMENT_TARGET = 11.3;
				MTL_ENABLE_DEBUG_INFO = YES;
				ONLY_ACTIVE_ARCH = YES;
				PRODUCT_BUNDLE_IDENTIFIER = io.simington.joyrider;
				SDKROOT = iphoneos;
				SWIFT_ACTIVE_COMPILATION_CONDITIONS = DEBUG;
				SWIFT_OPTIMIZATION_LEVEL = "-Onone";
				TARGETED_DEVICE_FAMILY = "1,2";
			};
			name = Debug;
		};
		FCCD0E4B1F0F848A002B55ED /* Release */ = {
			isa = XCBuildConfiguration;
			buildSettings = {
				ALWAYS_SEARCH_USER_PATHS = NO;
				CLANG_ANALYZER_NONNULL = YES;
				CLANG_ANALYZER_NUMBER_OBJECT_CONVERSION = YES_AGGRESSIVE;
				CLANG_CXX_LANGUAGE_STANDARD = "gnu++0x";
				CLANG_CXX_LIBRARY = "libc++";
				CLANG_ENABLE_MODULES = YES;
				CLANG_ENABLE_OBJC_ARC = YES;
				CLANG_WARN_BLOCK_CAPTURE_AUTORELEASING = YES;
				CLANG_WARN_BOOL_CONVERSION = YES;
				CLANG_WARN_COMMA = YES;
				CLANG_WARN_CONSTANT_CONVERSION = YES;
				CLANG_WARN_DEPRECATED_OBJC_IMPLEMENTATIONS = YES;
				CLANG_WARN_DIRECT_OBJC_ISA_USAGE = YES_ERROR;
				CLANG_WARN_DOCUMENTATION_COMMENTS = YES;
				CLANG_WARN_EMPTY_BODY = YES;
				CLANG_WARN_ENUM_CONVERSION = YES;
				CLANG_WARN_INFINITE_RECURSION = YES;
				CLANG_WARN_INT_CONVERSION = YES;
				CLANG_WARN_NON_LITERAL_NULL_CONVERSION = YES;
				CLANG_WARN_OBJC_IMPLICIT_RETAIN_SELF = YES;
				CLANG_WARN_OBJC_LITERAL_CONVERSION = YES;
				CLANG_WARN_OBJC_ROOT_CLASS = YES_ERROR;
				CLANG_WARN_RANGE_LOOP_ANALYSIS = YES;
				CLANG_WARN_STRICT_PROTOTYPES = YES;
				CLANG_WARN_SUSPICIOUS_MOVE = YES;
				CLANG_WARN_UNREACHABLE_CODE = YES;
				CLANG_WARN__DUPLICATE_METHOD_MATCH = YES;
				"CODE_SIGN_IDENTITY[sdk=iphoneos*]" = "iPhone Developer";
				COPY_PHASE_STRIP = NO;
				DEBUG_INFORMATION_FORMAT = "dwarf-with-dsym";
				ENABLE_NS_ASSERTIONS = NO;
				ENABLE_STRICT_OBJC_MSGSEND = YES;
				GCC_C_LANGUAGE_STANDARD = gnu99;
				GCC_NO_COMMON_BLOCKS = YES;
				GCC_WARN_64_TO_32_BIT_CONVERSION = YES;
				GCC_WARN_ABOUT_RETURN_TYPE = YES_ERROR;
				GCC_WARN_UNDECLARED_SELECTOR = YES;
				GCC_WARN_UNINITIALIZED_AUTOS = YES_AGGRESSIVE;
				GCC_WARN_UNUSED_FUNCTION = YES;
				GCC_WARN_UNUSED_VARIABLE = YES;
				INFOPLIST_FILE = Info.plist;
				IPHONEOS_DEPLOYMENT_TARGET = 11.3;
				MTL_ENABLE_DEBUG_INFO = NO;
				PRODUCT_BUNDLE_IDENTIFIER = io.simington.joyrider;
				SDKROOT = iphoneos;
				SWIFT_OPTIMIZATION_LEVEL = "-Owholemodule";
				TARGETED_DEVICE_FAMILY = "1,2";
				VALIDATE_PRODUCT = YES;
			};
			name = Release;
		};
		FCCD0E4D1F0F848A002B55ED /* Debug */ = {
			isa = XCBuildConfiguration;
			baseConfigurationReference = 8C15CED4B26A4F2DD0314017 /* Pods-joyrider.debug.xcconfig */;
			buildSettings = {
				ASSETCATALOG_COMPILER_APPICON_NAME = AppIcon;
				DEVELOPMENT_TEAM = PS325E4877;
				INFOPLIST_FILE = "$(SRCROOT)/joyrider/Info.plist";
				IPHONEOS_DEPLOYMENT_TARGET = 11.3;
				LD_RUNPATH_SEARCH_PATHS = "$(inherited) @executable_path/Frameworks";
				PRODUCT_BUNDLE_IDENTIFIER = com.jonsimington.joyryde;
				PRODUCT_NAME = "$(TARGET_NAME)";
				SWIFT_SWIFT3_OBJC_INFERENCE = Default;
				SWIFT_VERSION = 4.0;
			};
			name = Debug;
		};
		FCCD0E4E1F0F848A002B55ED /* Release */ = {
			isa = XCBuildConfiguration;
			baseConfigurationReference = 2C474F7E7F2D59355C6FF7D4 /* Pods-joyrider.release.xcconfig */;
			buildSettings = {
				ASSETCATALOG_COMPILER_APPICON_NAME = AppIcon;
				DEVELOPMENT_TEAM = PS325E4877;
				INFOPLIST_FILE = "$(SRCROOT)/joyrider/Info.plist";
				IPHONEOS_DEPLOYMENT_TARGET = 11.3;
				LD_RUNPATH_SEARCH_PATHS = "$(inherited) @executable_path/Frameworks";
				PRODUCT_BUNDLE_IDENTIFIER = com.jonsimington.joyryde;
				PRODUCT_NAME = "$(TARGET_NAME)";
				SWIFT_SWIFT3_OBJC_INFERENCE = Default;
				SWIFT_VERSION = 4.0;
			};
			name = Release;
		};
		FCCD0E501F0F848A002B55ED /* Debug */ = {
			isa = XCBuildConfiguration;
			buildSettings = {
				ALWAYS_EMBED_SWIFT_STANDARD_LIBRARIES = YES;
				BUNDLE_LOADER = "$(TEST_HOST)";
				DEVELOPMENT_TEAM = PS325E4877;
				INFOPLIST_FILE = joyriderTests/Info.plist;
				IPHONEOS_DEPLOYMENT_TARGET = 10.2;
				LD_RUNPATH_SEARCH_PATHS = "$(inherited) @executable_path/Frameworks @loader_path/Frameworks";
				PRODUCT_BUNDLE_IDENTIFIER = com.jonsimington.joyriderTests;
				PRODUCT_NAME = "$(TARGET_NAME)";
				SWIFT_SWIFT3_OBJC_INFERENCE = On;
				SWIFT_VERSION = 4.0;
				TEST_HOST = "$(BUILT_PRODUCTS_DIR)/joyryde.app/joyryde";
			};
			name = Debug;
		};
		FCCD0E511F0F848A002B55ED /* Release */ = {
			isa = XCBuildConfiguration;
			buildSettings = {
				ALWAYS_EMBED_SWIFT_STANDARD_LIBRARIES = YES;
				BUNDLE_LOADER = "$(TEST_HOST)";
				DEVELOPMENT_TEAM = PS325E4877;
				INFOPLIST_FILE = joyriderTests/Info.plist;
				IPHONEOS_DEPLOYMENT_TARGET = 10.2;
				LD_RUNPATH_SEARCH_PATHS = "$(inherited) @executable_path/Frameworks @loader_path/Frameworks";
				PRODUCT_BUNDLE_IDENTIFIER = com.jonsimington.joyriderTests;
				PRODUCT_NAME = "$(TARGET_NAME)";
				SWIFT_SWIFT3_OBJC_INFERENCE = On;
				SWIFT_VERSION = 4.0;
				TEST_HOST = "$(BUILT_PRODUCTS_DIR)/joyryde.app/joyryde";
			};
			name = Release;
		};
		FCCD0E531F0F848A002B55ED /* Debug */ = {
			isa = XCBuildConfiguration;
			buildSettings = {
				ALWAYS_EMBED_SWIFT_STANDARD_LIBRARIES = YES;
				DEVELOPMENT_TEAM = PS325E4877;
				INFOPLIST_FILE = joyriderUITests/Info.plist;
				IPHONEOS_DEPLOYMENT_TARGET = 10.2;
				LD_RUNPATH_SEARCH_PATHS = "$(inherited) @executable_path/Frameworks @loader_path/Frameworks";
				PRODUCT_BUNDLE_IDENTIFIER = com.jonsimington.joyriderUITests;
				PRODUCT_NAME = "$(TARGET_NAME)";
				SWIFT_SWIFT3_OBJC_INFERENCE = On;
				SWIFT_VERSION = 4.0;
				TEST_TARGET_NAME = joyrider;
			};
			name = Debug;
		};
		FCCD0E541F0F848A002B55ED /* Release */ = {
			isa = XCBuildConfiguration;
			buildSettings = {
				ALWAYS_EMBED_SWIFT_STANDARD_LIBRARIES = YES;
				DEVELOPMENT_TEAM = PS325E4877;
				INFOPLIST_FILE = joyriderUITests/Info.plist;
				IPHONEOS_DEPLOYMENT_TARGET = 10.2;
				LD_RUNPATH_SEARCH_PATHS = "$(inherited) @executable_path/Frameworks @loader_path/Frameworks";
				PRODUCT_BUNDLE_IDENTIFIER = com.jonsimington.joyriderUITests;
				PRODUCT_NAME = "$(TARGET_NAME)";
				SWIFT_SWIFT3_OBJC_INFERENCE = On;
				SWIFT_VERSION = 4.0;
				TEST_TARGET_NAME = joyrider;
			};
			name = Release;
		};
/* End XCBuildConfiguration section */

/* Begin XCConfigurationList section */
		FCCD0E1D1F0F848A002B55ED /* Build configuration list for PBXProject "joyryde" */ = {
			isa = XCConfigurationList;
			buildConfigurations = (
				FCCD0E4A1F0F848A002B55ED /* Debug */,
				FCCD0E4B1F0F848A002B55ED /* Release */,
			);
			defaultConfigurationIsVisible = 0;
			defaultConfigurationName = Release;
		};
		FCCD0E4C1F0F848A002B55ED /* Build configuration list for PBXNativeTarget "joyryde" */ = {
			isa = XCConfigurationList;
			buildConfigurations = (
				FCCD0E4D1F0F848A002B55ED /* Debug */,
				FCCD0E4E1F0F848A002B55ED /* Release */,
			);
			defaultConfigurationIsVisible = 0;
			defaultConfigurationName = Release;
		};
		FCCD0E4F1F0F848A002B55ED /* Build configuration list for PBXNativeTarget "joyrydeTests" */ = {
			isa = XCConfigurationList;
			buildConfigurations = (
				FCCD0E501F0F848A002B55ED /* Debug */,
				FCCD0E511F0F848A002B55ED /* Release */,
			);
			defaultConfigurationIsVisible = 0;
			defaultConfigurationName = Release;
		};
		FCCD0E521F0F848A002B55ED /* Build configuration list for PBXNativeTarget "joyrydeUITests" */ = {
			isa = XCConfigurationList;
			buildConfigurations = (
				FCCD0E531F0F848A002B55ED /* Debug */,
				FCCD0E541F0F848A002B55ED /* Release */,
			);
			defaultConfigurationIsVisible = 0;
			defaultConfigurationName = Release;
		};
/* End XCConfigurationList section */
	};
	rootObject = FCCD0E1A1F0F848A002B55ED /* Project object */;
}
